Microsoft Visual Studio Solution File, Format Version 12.00
# Visual Studio Version 17
VisualStudioVersion = 17.5.2.0
MinimumVisualStudioVersion = 10.0.40219.1
Project("{FAE04EC0-301F-11D3-BF4B-00C04F79EFBC}") = "HanJianNet.WebApi", "HanJianNet.WebApi.csproj", "{4853A8A8-CE66-FF35-3196-25131B583742}"
EndProject
Global
	GlobalSection(SolutionConfigurationPlatforms) = preSolution
		Debug|Any CPU = Debug|Any CPU
		Release|Any CPU = Release|Any CPU
	EndGlobalSection
	GlobalSection(ProjectConfigurationPlatforms) = postSolution
		{4853A8A8-CE66-FF35-3196-25131B583742}.Debug|Any CPU.ActiveCfg = Debug|Any CPU
		{4853A8A8-CE66-FF35-3196-25131B583742}.Debug|Any CPU.Build.0 = Debug|Any CPU
		{4853A8A8-CE66-FF35-3196-25131B583742}.Release|Any CPU.ActiveCfg = Release|Any CPU
		{4853A8A8-CE66-FF35-3196-25131B583742}.Release|Any CPU.Build.0 = Release|Any CPU
	EndGlobalSection
	GlobalSection(SolutionProperties) = preSolution
		HideSolutionNode = FALSE
	EndGlobalSection
	GlobalSection(ExtensibilityGlobals) = postSolution
		SolutionGuid = {3393EE70-E810-4DCE-85F1-A831357D58F0}
	EndGlobalSection
EndGlobal
